
Microsoft Visual Studio Solution File, Format Version 12.00
# Visual Studio Version 16
VisualStudioVersion = 16.0.30804.86
MinimumVisualStudioVersion = 10.0.40219.1
Project("{FAE04EC0-301F-11D3-BF4B-00C04F79EFBC}") = "PongOpenTK", "PongOpenTK\PongOpenTK.csproj", "{99CFFA33-1830-4304-B9F9-8735331E5877}"
EndProject
Global
	GlobalSection(SolutionConfigurationPlatforms) = preSolution
		Debug|Any CPU = Debug|Any CPU
		Release|Any CPU = Release|Any CPU
	EndGlobalSection
	GlobalSection(ProjectConfigurationPlatforms) = postSolution
		{99CFFA33-1830-4304-B9F9-8735331E5877}.Debug|Any CPU.ActiveCfg = Debug|Any CPU
		{99CFFA33-1830-4304-B9F9-8735331E5877}.Debug|Any CPU.Build.0 = Debug|Any CPU
		{99CFFA33-1830-4304-B9F9-8735331E5877}.Release|Any CPU.ActiveCfg = Release|Any CPU
		{99CFFA33-1830-4304-B9F9-8735331E5877}.Release|Any CPU.Build.0 = Release|Any CPU
	EndGlobalSection
	GlobalSection(SolutionProperties) = preSolution
		HideSolutionNode = FALSE
	EndGlobalSection
	GlobalSection(ExtensibilityGlobals) = postSolution
		SolutionGuid = {AB4C67F5-6F05-4FCA-9A40-AF7260B1C1C7}
	EndGlobalSection
EndGlobal
